GEM
  remote: https://rubygems.org/
  specs:
    addressable (2.8.8)
      public_suffix (>= 2.0.2, < 8.0)
    ast (2.4.3)
    async (2.36.0)
      console (~> 1.29)
      fiber-annotation
      io-event (~> 1.11)
      metrics (~> 0.12)
      traces (~> 0.18)
    async-container (0.34.2)
      async (~> 2.22)
    async-container-supervisor (0.9.3)
      async-service
      io-endpoint
      memory (~> 0.7)
      memory-leak (~> 0.5)
      process-metrics
    async-http (0.94.2)
      async (>= 2.10.2)
      async-pool (~> 0.11)
      io-endpoint (~> 0.14)
      io-stream (~> 0.6)
      metrics (~> 0.12)
      protocol-http (~> 0.58)
      protocol-http1 (~> 0.36)
      protocol-http2 (~> 0.22)
      protocol-url (~> 0.2)
      traces (~> 0.10)
    async-http-cache (0.4.6)
      async-http (~> 0.56)
    async-pool (0.11.1)
      async (>= 2.0)
    async-service (0.20.1)
      async
      async-container (~> 0.34)
      string-format (~> 0.2)
    bake (0.24.1)
      bigdecimal
      samovar (~> 2.1)
    base64 (0.3.0)
    bigdecimal (4.0.1)
    concurrent-ruby (1.3.6)
    console (1.34.3)
      fiber-annotation
      fiber-local (~> 1.1)
      json
    crack (1.0.1)
      bigdecimal
      rexml
    diff-lcs (1.6.2)
    docile (1.4.1)
    dry-auto_inject (1.1.0)
      dry-core (~> 1.1)
      zeitwerk (~> 2.6)
    dry-configurable (1.3.0)
      dry-core (~> 1.1)
      zeitwerk (~> 2.6)
    dry-core (1.2.0)
      concurrent-ruby (~> 1.0)
      logger
      zeitwerk (~> 2.6)
    dry-events (1.1.0)
      concurrent-ruby (~> 1.0)
      dry-core (~> 1.1)
    dry-inflector (1.3.1)
    dry-initializer (3.2.0)
    dry-logic (1.6.0)
      bigdecimal
      concurrent-ruby (~> 1.0)
      dry-core (~> 1.1)
      zeitwerk (~> 2.6)
    dry-schema (1.15.0)
      concurrent-ruby (~> 1.0)
      dry-configurable (~> 1.0, >= 1.0.1)
      dry-core (~> 1.1)
      dry-initializer (~> 3.2)
      dry-logic (~> 1.6)
      dry-types (~> 1.8)
      zeitwerk (~> 2.6)
    dry-system (1.2.5)
      dry-auto_inject (~> 1.1)
      dry-configurable (~> 1.3)
      dry-core (~> 1.1)
      dry-inflector (~> 1.1)
    dry-types (1.9.1)
      bigdecimal (>= 3.0)
      concurrent-ruby (~> 1.0)
      dry-core (~> 1.0)
      dry-inflector (~> 1.0)
      dry-logic (~> 1.4)
      zeitwerk (~> 2.6)
    dry-validation (1.11.1)
      concurrent-ruby (~> 1.0)
      dry-core (~> 1.1)
      dry-initializer (~> 3.2)
      dry-schema (~> 1.14)
      zeitwerk (~> 2.6)
    falcon (0.54.2)
      async
      async-container (~> 0.20)
      async-container-supervisor (~> 0.6)
      async-http (~> 0.75)
      async-http-cache (~> 0.4)
      async-service (~> 0.19)
      bundler
      localhost (~> 1.1)
      openssl (>= 3.0)
      protocol-http (~> 0.31)
      protocol-rack (~> 0.7)
      samovar (~> 2.3)
    fiber-annotation (0.2.0)
    fiber-local (1.1.0)
      fiber-storage
    fiber-storage (1.0.1)
    hashdiff (1.2.1)
    io-endpoint (0.17.2)
    io-event (1.14.2)
    io-stream (0.11.1)
    json (2.18.1)
    language_server-protocol (3.17.0.5)
    lint_roller (1.1.0)
    localhost (1.7.0)
    logger (1.7.0)
    mapping (1.1.3)
    memory (0.12.0)
      bake (~> 0.15)
      console
      msgpack
    memory-leak (0.9.1)
      process-metrics (~> 0.9)
    metrics (0.15.0)
    msgpack (1.8.0)
    mustermann (3.0.4)
      ruby2_keywords (~> 0.0.1)
    openssl (4.0.1)
    parallel (1.27.0)
    parser (3.3.10.2)
      ast (~> 2.4.1)
      racc
    prism (1.9.0)
    process-metrics (0.9.0)
      console (~> 1.8)
      json (~> 2)
      samovar (~> 2.1)
    protocol-hpack (1.5.1)
    protocol-http (0.59.0)
    protocol-http1 (0.37.0)
      protocol-http (~> 0.58)
    protocol-http2 (0.24.0)
      protocol-hpack (~> 1.4)
      protocol-http (~> 0.47)
    protocol-rack (0.21.1)
      io-stream (>= 0.10)
      protocol-http (~> 0.58)
      rack (>= 1.0)
    protocol-url (0.4.0)
    public_suffix (7.0.2)
    racc (1.8.1)
    rack (3.2.5)
    rack-protection (4.2.1)
      base64 (>= 0.1.0)
      logger (>= 1.6.0)
      rack (>= 3.0.0, < 4)
    rack-session (2.1.1)
      base64 (>= 0.1.0)
      rack (>= 3.0.0)
    rack-test (2.2.0)
      rack (>= 1.3)
    rainbow (3.1.1)
    rake (13.3.1)
    regexp_parser (2.11.3)
    rexml (3.4.4)
    rspec (3.13.2)
      rspec-core (~> 3.13.0)
      rspec-expectations (~> 3.13.0)
      rspec-mocks (~> 3.13.0)
    rspec-core (3.13.6)
      rspec-support (~> 3.13.0)
    rspec-expectations (3.13.5)
      diff-lcs (>= 1.2.0, < 2.0)
      rspec-support (~> 3.13.0)
    rspec-mocks (3.13.7)
      diff-lcs (>= 1.2.0, < 2.0)
      rspec-support (~> 3.13.0)
    rspec-support (3.13.7)
    rubocop (1.84.2)
      json (~> 2.3)
      language_server-protocol (~> 3.17.0.2)
      lint_roller (~> 1.1.0)
      parallel (~> 1.10)
      parser (>= 3.3.0.2)
      rainbow (>= 2.2.2, < 4.0)
      regexp_parser (>= 2.9.3, < 3.0)
      rubocop-ast (>= 1.49.0, < 2.0)
      ruby-progressbar (~> 1.7)
      unicode-display_width (>= 2.4.0, < 4.0)
    rubocop-ast (1.49.0)
      parser (>= 3.3.7.2)
      prism (~> 1.7)
    ruby-progressbar (1.13.0)
    ruby2_keywords (0.0.5)
    samovar (2.4.1)
      console (~> 1.0)
      mapping (~> 1.0)
    sequel (5.101.0)
      bigdecimal
    simplecov (0.22.0)
      docile (~> 1.1)
      simplecov-html (~> 0.11)
      simplecov_json_formatter (~> 0.1)
    simplecov-cobertura (3.1.0)
      rexml
      simplecov (~> 0.19)
    simplecov-html (0.13.2)
    simplecov_json_formatter (0.1.4)
    sinatra (4.2.1)
      logger (>= 1.6.0)
      mustermann (~> 3.0)
      rack (>= 3.0.0, < 4)
      rack-protection (= 4.2.1)
      rack-session (>= 2.0.0, < 3)
      tilt (~> 2.0)
    sqlite3 (2.9.0-aarch64-linux-gnu)
    sqlite3 (2.9.0-arm64-darwin)
    sqlite3 (2.9.0-x86_64-linux-gnu)
    string-format (0.2.0)
    tilt (2.7.0)
    traces (0.18.2)
    unicode-display_width (3.2.0)
      unicode-emoji (~> 4.1)
    unicode-emoji (4.2.0)
    webmock (3.26.1)
      addressable (>= 2.8.0)
      crack (>= 0.3.2)
      hashdiff (>= 0.4.0, < 2.0.0)
    zeitwerk (2.7.5)

PLATFORMS
  aarch64-linux
  arm64-darwin-24
  x86_64-linux

DEPENDENCIES
  dry-events
  dry-system
  dry-validation
  falcon
  rack-test
  rake
  rspec
  rubocop
  sequel
  simplecov
  simplecov-cobertura
  sinatra
  sqlite3
  webmock
  zeitwerk

CHECKSUMS
  addressable (2.8.8) sha256=7c13b8f9536cf6364c03b9d417c19986019e28f7c00ac8132da4eb0fe393b057
  ast (2.4.3) sha256=954615157c1d6a382bc27d690d973195e79db7f55e9765ac7c481c60bdb4d383
  async (2.36.0) sha256=090623f4c65706664355c9efa6c7bfb86771a513e65cd681c51cb27747530550
  async-container (0.34.2) sha256=83ac767e74a832c42e156110c14e10b1fb3fd7583fa1beb3dfe45269e3554746
  async-container-supervisor (0.9.3) sha256=7bccbba92d84f6f19cbcea058a7f124511e828b39387b4bd257a0d12104f4a6d
  async-http (0.94.2) sha256=c5ca94b337976578904a373833abe5b8dfb466a2946af75c4ae38c409c5c78b2
  async-http-cache (0.4.6) sha256=2038d1f093182f16b50b4db271c25085e3938da10bfcfc2904cadb0530fddfd6
  async-pool (0.11.1) sha256=98e1583e199a75f7dc70f8e65fc8d0d3b28636c3f256595d43e206642ad8fbda
  async-service (0.20.1) sha256=d77ca8912e31c729f6e62c783ae3f364385ccc91a34c97998b761d7bda72b01b
  bake (0.24.1) sha256=8bfac7e61514b17720e3b13cf6a5e122243f43123c6802707b150904bec5f4c7
  base64 (0.3.0) sha256=27337aeabad6ffae05c265c450490628ef3ebd4b67be58257393227588f5a97b
  bigdecimal (4.0.1) sha256=8b07d3d065a9f921c80ceaea7c9d4ae596697295b584c296fe599dd0ad01c4a7
  concurrent-ruby (1.3.6) sha256=6b56837e1e7e5292f9864f34b69c5a2cbc75c0cf5338f1ce9903d10fa762d5ab
  console (1.34.3) sha256=869fbd74697efc4c606f102d2812b0b008e4e7fd738a91c591e8577140ec0dcc
  crack (1.0.1) sha256=ff4a10390cd31d66440b7524eb1841874db86201d5b70032028553130b6d4c7e
  diff-lcs (1.6.2) sha256=9ae0d2cba7d4df3075fe8cd8602a8604993efc0dfa934cff568969efb1909962
  docile (1.4.1) sha256=96159be799bfa73cdb721b840e9802126e4e03dfc26863db73647204c727f21e
  dry-auto_inject (1.1.0) sha256=f9276cb5d15a3ef138e1f1149e289e287f636de57ef4a6decd233542eb708f78
  dry-configurable (1.3.0) sha256=882d862858567fc1210d2549d4c090f34370fc1bb7c5c1933de3fe792e18afa8
  dry-core (1.2.0) sha256=0cc5a7da88df397f153947eeeae42e876e999c1e30900f3c536fb173854e96a1
  dry-events (1.1.0) sha256=53f13960daf02cc06c2ea6cdf3209e29b0dd400f8977a8020834a68c044a78de
  dry-inflector (1.3.1) sha256=7fb0c2bb04f67638f25c52e7ba39ab435d922a3a5c3cd196120f63accb682dcc
  dry-initializer (3.2.0) sha256=37d59798f912dc0a1efe14a4db4a9306989007b302dcd5f25d0a2a20c166c4e3
  dry-logic (1.6.0) sha256=da6fedbc0f90fc41f9b0cc7e6f05f5d529d1efaef6c8dcc8e0733f685745cea2
  dry-schema (1.15.0) sha256=0f2a34adba4206bd6d46ec1b6b7691b402e198eecaff1d8349a7d48a77d82cd2
  dry-system (1.2.5) sha256=a02f57c18cbcc6c9c4ea99a7eed0afc830263d2051c855a46a7229ea3708d143
  dry-types (1.9.1) sha256=baebeecdb9f8395d6c9d227b62011279440943e3ef2468fe8ccc1ba11467f178
  dry-validation (1.11.1) sha256=70900bb5a2d911c8aab566d3e360c6bff389b8bf92ea8e04885ce51c41ff8085
  falcon (0.54.2) sha256=ab35a702466f318d6b3189e638e4aee53290261a5404c9f681115f4a8aca153e
  fiber-annotation (0.2.0) sha256=7abfadf1d119f508867d4103bf231c0354d019cc39a5738945dec2edadaf6c03
  fiber-local (1.1.0) sha256=c885f94f210fb9b05737de65d511136ea602e00c5105953748aa0f8793489f06
  fiber-storage (1.0.1) sha256=f48e5b6d8b0be96dac486332b55cee82240057065dc761c1ea692b2e719240e1
  hashdiff (1.2.1) sha256=9c079dbc513dfc8833ab59c0c2d8f230fa28499cc5efb4b8dd276cf931457cd1
  io-endpoint (0.17.2) sha256=3feaf766c116b35839c11fac68b6aaadc47887bb488902a57bf8e1d288fb3338
  io-event (1.14.2) sha256=b0a069190eafe86005c22f7464f744971b5bd82f153740d34e6ab49548d4f613
  io-stream (0.11.1) sha256=fa5f551fcff99581c1757b9d1cee2c37b124f07d2ca4f40b756a05ab9bd21b87
  json (2.18.1) sha256=fe112755501b8d0466b5ada6cf50c8c3f41e897fa128ac5d263ec09eedc9f986
  language_server-protocol (3.17.0.5) sha256=fd1e39a51a28bf3eec959379985a72e296e9f9acfce46f6a79d31ca8760803cc
  lint_roller (1.1.0) sha256=2c0c845b632a7d172cb849cc90c1bce937a28c5c8ccccb50dfd46a485003cc87
  localhost (1.7.0) sha256=09b32819537f914ccdf0a7c595fab162517401b6ef644a2afd3708d943c4547f
  logger (1.7.0) sha256=196edec7cc44b66cfb40f9755ce11b392f21f7967696af15d274dde7edff0203
  mapping (1.1.3) sha256=2274931d20ecd46eaafdd1e00c58cc7472133b213bcac335cc7733d3c75f4da2
  memory (0.12.0) sha256=786a14d84cec8e5667a491da02ebbf492b9ec3d19d35161131ac9d47abb684b4
  memory-leak (0.9.1) sha256=fd6dac6967f1a89b4dfb0eebdb585e950342191fcbcba02fb160c75f6ba807c8
  metrics (0.15.0) sha256=61ded5bac95118e995b1bc9ed4a5f19bc9814928a312a85b200abbdac9039072
  msgpack (1.8.0) sha256=e64ce0212000d016809f5048b48eb3a65ffb169db22238fb4b72472fecb2d732
  mustermann (3.0.4) sha256=85fadcb6b3c6493a8b511b42426f904b7f27b282835502233dd154daab13aa22
  openssl (4.0.1) sha256=e27974136b7b02894a1bce46c5397ee889afafe704a839446b54dc81cb9c5f7d
  parallel (1.27.0) sha256=4ac151e1806b755fb4e2dc2332cbf0e54f2e24ba821ff2d3dcf86bf6dc4ae130
  parser (3.3.10.2) sha256=6f60c84aa4bdcedb6d1a2434b738fe8a8136807b6adc8f7f53b97da9bc4e9357
  prism (1.9.0) sha256=7b530c6a9f92c24300014919c9dcbc055bf4cdf51ec30aed099b06cd6674ef85
  process-metrics (0.9.0) sha256=7d34508369e9f795a59f23a990203de2866b57662b6977b4ca13eb36f0a41292
  protocol-hpack (1.5.1) sha256=6feca238b8078da1cd295677d6f306c6001af92d75fe0643d33e6956cbc3ad91
  protocol-http (0.59.0) sha256=90e20ad817cb3ffe947d4fd6194fe0651f385625dcce055386d1c356ee32547b
  protocol-http1 (0.37.0) sha256=5bdd739e28792b341134596f6f5ab21a9d4b395f67bae69e153743eb0e69d123
  protocol-http2 (0.24.0) sha256=65327a019b7e36d2774e94050bf57a43bb60212775d2fcf02ae1d2ed4f01ef28
  protocol-rack (0.21.1) sha256=366ff16efbf4c2f8d2e3fad4e992effa2357610f70effbccfa2767d26fedc577
  protocol-url (0.4.0) sha256=64d4c03b6b51ad815ac6fdaf77a1d91e5baf9220d26becb846c5459dacdea9e1
  public_suffix (7.0.2) sha256=9114090c8e4e7135c1fd0e7acfea33afaab38101884320c65aaa0ffb8e26a857
  racc (1.8.1) sha256=4a7f6929691dbec8b5209a0b373bc2614882b55fc5d2e447a21aaa691303d62f
  rack (3.2.5) sha256=4cbd0974c0b79f7a139b4812004a62e4c60b145cba76422e288ee670601ed6d3
  rack-protection (4.2.1) sha256=cf6e2842df8c55f5e4d1a4be015e603e19e9bc3a7178bae58949ccbb58558bac
  rack-session (2.1.1) sha256=0b6dc07dea7e4b583f58a48e8b806d4c9f1c6c9214ebc202ec94562cbea2e4e9
  rack-test (2.2.0) sha256=005a36692c306ac0b4a9350355ee080fd09ddef1148a5f8b2ac636c720f5c463
  rainbow (3.1.1) sha256=039491aa3a89f42efa1d6dec2fc4e62ede96eb6acd95e52f1ad581182b79bc6a
  rake (13.3.1) sha256=8c9e89d09f66a26a01264e7e3480ec0607f0c497a861ef16063604b1b08eb19c
  regexp_parser (2.11.3) sha256=ca13f381a173b7a93450e53459075c9b76a10433caadcb2f1180f2c741fc55a4
  rexml (3.4.4) sha256=19e0a2c3425dfbf2d4fc1189747bdb2f849b6c5e74180401b15734bc97b5d142
  rspec (3.13.2) sha256=206284a08ad798e61f86d7ca3e376718d52c0bc944626b2349266f239f820587
  rspec-core (3.13.6) sha256=a8823c6411667b60a8bca135364351dda34cd55e44ff94c4be4633b37d828b2d
  rspec-expectations (3.13.5) sha256=33a4d3a1d95060aea4c94e9f237030a8f9eae5615e9bd85718fe3a09e4b58836
  rspec-mocks (3.13.7) sha256=0979034e64b1d7a838aaaddf12bf065ea4dc40ef3d4c39f01f93ae2c66c62b1c
  rspec-support (3.13.7) sha256=0640e5570872aafefd79867901deeeeb40b0c9875a36b983d85f54fb7381c47c
  rubocop (1.84.2) sha256=5692cea54168f3dc8cb79a6fe95c5424b7ea893c707ad7a4307b0585e88dbf5f
  rubocop-ast (1.49.0) sha256=49c3676d3123a0923d333e20c6c2dbaaae2d2287b475273fddee0c61da9f71fd
  ruby-progressbar (1.13.0) sha256=80fc9c47a9b640d6834e0dc7b3c94c9df37f08cb072b7761e4a71e22cff29b33
  ruby2_keywords (0.0.5) sha256=ffd13740c573b7301cf7a2e61fc857b2a8e3d3aff32545d6f8300d8bae10e3ef
  samovar (2.4.1) sha256=c3b91dd0580771e3bc600621c1111f29542529dcffafaac3b6bf068b3f309e80
  sequel (5.101.0) sha256=d2ae3fd997a7c4572e8357918e777869faf90dc19310fcd6332747122aed2b29
  simplecov (0.22.0) sha256=fe2622c7834ff23b98066bb0a854284b2729a569ac659f82621fc22ef36213a5
  simplecov-cobertura (3.1.0) sha256=6d7f38aa32c965ca2174b2e5bd88cb17138eaf629518854976ac50e628925dc5
  simplecov-html (0.13.2) sha256=bd0b8e54e7c2d7685927e8d6286466359b6f16b18cb0df47b508e8d73c777246
  simplecov_json_formatter (0.1.4) sha256=529418fbe8de1713ac2b2d612aa3daa56d316975d307244399fa4838c601b428
  sinatra (4.2.1) sha256=b7aeb9b11d046b552972ade834f1f9be98b185fa8444480688e3627625377080
  sqlite3 (2.9.0-aarch64-linux-gnu) sha256=cfe1e0216f46d7483839719bf827129151e6c680317b99d7b8fc1597a3e13473
  sqlite3 (2.9.0-arm64-darwin) sha256=a917bd9b84285766ff3300b7d79cd583f5a067594c8c1263e6441618c04a6ed3
  sqlite3 (2.9.0-x86_64-linux-gnu) sha256=72fff9bd750070ba3af695511ba5f0e0a2d8a9206f84869640b3e99dfaf3d5a5
  string-format (0.2.0) sha256=bc981c14116b061f12134549f32fa2d61a17b5a35dd6fd36596c21722a789af6
  tilt (2.7.0) sha256=0d5b9ba69f6a36490c64b0eee9f6e9aad517e20dcc848800a06eb116f08c6ab3
  traces (0.18.2) sha256=80f1649cb4daace1d7174b81f3b3b7427af0b93047759ba349960cb8f315e214
  unicode-display_width (3.2.0) sha256=0cdd96b5681a5949cdbc2c55e7b420facae74c4aaf9a9815eee1087cb1853c42
  unicode-emoji (4.2.0) sha256=519e69150f75652e40bf736106cfbc8f0f73aa3fb6a65afe62fefa7f80b0f80f
  webmock (3.26.1) sha256=4f696fb57c90a827c20aadb2d4f9058bbff10f7f043bd0d4c3f58791143b1cd7
  zeitwerk (2.7.5) sha256=d8da92128c09ea6ec62c949011b00ed4a20242b255293dd66bf41545398f73dd

BUNDLED WITH
  4.0.1
